
Microsoft Visual Studio Solution File, Format Version 12.00
# Visual Studio 15
VisualStudioVersion = 15.0.28010.2003
MinimumVisualStudioVersion = 10.0.40219.1
Project("{8BC9CEB8-8B4A-11D0-8D11-00A0C91BC942}") = "Project1", "Project1\Project1.vcxproj", "{05DDA2C3-9B06-47A7-906A-0D1B9A2DF526}"
EndProject
Global
	GlobalSection(SolutionConfigurationPlatforms) = preSolution
		Debug|x64 = Debug|x64
		Debug|x86 = Debug|x86
		Release|x64 = Release|x64
		Release|x86 = Release|x86
	EndGlobalSection
	GlobalSection(ProjectConfigurationPlatforms) = postSolution
		{05DDA2C3-9B06-47A7-906A-0D1B9A2DF526}.Debug|x64.ActiveCfg = Debug|x64
		{05DDA2C3-9B06-47A7-906A-0D1B9A2DF526}.Debug|x64.Build.0 = Debug|x64
		{05DDA2C3-9B06-47A7-906A-0D1B9A2DF526}.Debug|x86.ActiveCfg = Debug|Win32
		{05DDA2C3-9B06-47A7-906A-0D1B9A2DF526}.Debug|x86.Build.0 = Debug|Win32
		{05DDA2C3-9B06-47A7-906A-0D1B9A2DF526}.Release|x64.ActiveCfg = Release|x64
		{05DDA2C3-9B06-47A7-906A-0D1B9A2DF526}.Release|x64.Build.0 = Release|x64
		{05DDA2C3-9B06-47A7-906A-0D1B9A2DF526}.Release|x86.ActiveCfg = Release|Win32
		{05DDA2C3-9B06-47A7-906A-0D1B9A2DF526}.Release|x86.Build.0 = Release|Win32
	EndGlobalSection
	GlobalSection(SolutionProperties) = preSolution
		HideSolutionNode = FALSE
	EndGlobalSection
	GlobalSection(ExtensibilityGlobals) = postSolution
		SolutionGuid = {5AF0C406-51B4-4DC2-9763-D6BE07D849D6}
	EndGlobalSection
EndGlobal
